// !$*UTF8*$!
{
	archiveVersion = 1;
	classes = {
	};
	objectVersion = 56;
	objects = {

/* Begin PBXBuildFile section */
		5E84C68A29A50D7F00F5BA81 /* AppDelegate.swift in Sources */ = {isa = PBXBuildFile; fileRef = 5E84C68929A50D7F00F5BA81 /* AppDelegate.swift */; };
		5E84C68C29A50D7F00F5BA81 /* SceneDelegate.swift in Sources */ = {isa = PBXBuildFile; fileRef = 5E84C68B29A50D7F00F5BA81 /* SceneDelegate.swift */; };
		5E84C68E29A50D7F00F5BA81 /* ViewController.swift in Sources */ = {isa = PBXBuildFile; fileRef = 5E84C68D29A50D7F00F5BA81 /* ViewController.swift */; };
		5E84C69129A50D7F00F5BA81 /* Main.storyboard in Resources */ = {isa = PBXBuildFile; fileRef = 5E84C68F29A50D7F00F5BA81 /* Main.storyboard */; };
		5E84C69329A50D8000F5BA81 /* Assets.xcassets in Resources */ = {isa = PBXBuildFile; fileRef = 5E84C69229A50D8000F5BA81 /* Assets.xcassets */; };
		5E84C69629A50D8000F5BA81 /* LaunchScreen.storyboard in Resources */ = {isa = PBXBuildFile; fileRef = 5E84C69429A50D8000F5BA81 /* LaunchScreen.storyboard */; };
		5E84C6A129A50D8000F5BA81 /* FromUTests.swift in Sources */ = {isa = PBXBuildFile; fileRef = 5E84C6A029A50D8000F5BA81 /* FromUTests.swift */; };
		5E84C6AB29A50D8000F5BA81 /* FromUUITests.swift in Sources */ = {isa = PBXBuildFile; fileRef = 5E84C6AA29A50D8000F5BA81 /* FromUUITests.swift */; };
		5E84C6AD29A50D8000F5BA81 /* FromUUITestsLaunchTests.swift in Sources */ = {isa = PBXBuildFile; fileRef = 5E84C6AC29A50D8000F5BA81 /* FromUUITestsLaunchTests.swift */; };
/* End PBXBuildFile section */

/* Begin PBXContainerItemProxy section */
		5E84C69D29A50D8000F5BA81 /* PBXContainerItemProxy */ = {
			isa = PBXContainerItemProxy;
			containerPortal = 5E84C67E29A50D7F00F5BA81 /* Project object */;
			proxyType = 1;
			remoteGlobalIDString = 5E84C68529A50D7F00F5BA81;
			remoteInfo = FromU;
		};
		5E84C6A729A50D8000F5BA81 /* PBXContainerItemProxy */ = {
			isa = PBXContainerItemProxy;
			containerPortal = 5E84C67E29A50D7F00F5BA81 /* Project object */;
			proxyType = 1;
			remoteGlobalIDString = 5E84C68529A50D7F00F5BA81;
			remoteInfo = FromU;
		};
/* End PBXContainerItemProxy section */

/* Begin PBXFileReference section */
		5E84C68629A50D7F00F5BA81 /* FromU.app */ = {isa = PBXFileReference; explicitFileType = wrapper.application; includeInIndex = 0; path = FromU.app; sourceTree = BUILT_PRODUCTS_DIR; };
		5E84C68929A50D7F00F5BA81 /* AppDelegate.swift */ = {isa = PBXFileReference; lastKnownFileType = sourcecode.swift; path = AppDelegate.swift; sourceTree = "<group>"; };
		5E84C68B29A50D7F00F5BA81 /* SceneDelegate.swift */ = {isa = PBXFileReference; lastKnownFileType = sourcecode.swift; path = SceneDelegate.swift; sourceTree = "<group>"; };
		5E84C68D29A50D7F00F5BA81 /* ViewController.swift */ = {isa = PBXFileReference; lastKnownFileType = sourcecode.swift; path = ViewController.swift; sourceTree = "<group>"; };
		5E84C69029A50D7F00F5BA81 /* Base */ = {isa = PBXFileReference; lastKnownFileType = file.storyboard; name = Base; path = Base.lproj/Main.storyboard; sourceTree = "<group>"; };
		5E84C69229A50D8000F5BA81 /* Assets.xcassets */ = {isa = PBXFileReference; lastKnownFileType = folder.assetcatalog; path = Assets.xcassets; sourceTree = "<group>"; };
		5E84C69529A50D8000F5BA81 /* Base */ = {isa = PBXFileReference; lastKnownFileType = file.storyboard; name = Base; path = Base.lproj/LaunchScreen.storyboard; sourceTree = "<group>"; };
		5E84C69729A50D8000F5BA81 /* Info.plist */ = {isa = PBXFileReference; lastKnownFileType = text.plist.xml; path = Info.plist; sourceTree = "<group>"; };
		5E84C69C29A50D8000F5BA81 /* FromUTests.xctest */ = {isa = PBXFileReference; explicitFileType = wrapper.cfbundle; includeInIndex = 0; path = FromUTests.xctest; sourceTree = BUILT_PRODUCTS_DIR; };
		5E84C6A029A50D8000F5BA81 /* FromUTests.swift */ = {isa = PBXFileReference; lastKnownFileType = sourcecode.swift; path = FromUTests.swift; sourceTree = "<group>"; };
		5E84C6A629A50D8000F5BA81 /* FromUUITests.xctest */ = {isa = PBXFileReference; explicitFileType = wrapper.cfbundle; includeInIndex = 0; path = FromUUITests.xctest; sourceTree = BUILT_PRODUCTS_DIR; };
		5E84C6AA29A50D8000F5BA81 /* FromUUITests.swift */ = {isa = PBXFileReference; lastKnownFileType = sourcecode.swift; path = FromUUITests.swift; sourceTree = "<group>"; };
		5E84C6AC29A50D8000F5BA81 /* FromUUITestsLaunchTests.swift */ = {isa = PBXFileReference; lastKnownFileType = sourcecode.swift; path = FromUUITestsLaunchTests.swift; sourceTree = "<group>"; };
/* End PBXFileReference section */

/* Begin PBXFrameworksBuildPhase section */
		5E84C68329A50D7F00F5BA81 /* Frameworks */ = {
			isa = PBXFrameworksBuildPhase;
			buildActionMask = 2147483647;
			files = (
			);
			runOnlyForDeploymentPostprocessing = 0;
		};
		5E84C69929A50D8000F5BA81 /* Frameworks */ = {
			isa = PBXFrameworksBuildPhase;
			buildActionMask = 2147483647;
			files = (
			);
			runOnlyForDeploymentPostprocessing = 0;
		};
		5E84C6A329A50D8000F5BA81 /* Frameworks */ = {
			isa = PBXFrameworksBuildPhase;
			buildActionMask = 2147483647;
			files = (
			);
			runOnlyForDeploymentPostprocessing = 0;
		};
/* End PBXFrameworksBuildPhase section */

/* Begin PBXGroup section */
		5E84C67D29A50D7F00F5BA81 = {
			isa = PBXGroup;
			children = (
				5E84C68829A50D7F00F5BA81 /* FromU */,
				5E84C69F29A50D8000F5BA81 /* FromUTests */,
				5E84C6A929A50D8000F5BA81 /* FromUUITests */,
				5E84C68729A50D7F00F5BA81 /* Products */,
			);
			sourceTree = "<group>";
		};
		5E84C68729A50D7F00F5BA81 /* Products */ = {
			isa = PBXGroup;
			children = (
				5E84C68629A50D7F00F5BA81 /* FromU.app */,
				5E84C69C29A50D8000F5BA81 /* FromUTests.xctest */,
				5E84C6A629A50D8000F5BA81 /* FromUUITests.xctest */,
			);
			name = Products;
			sourceTree = "<group>";
		};
		5E84C68829A50D7F00F5BA81 /* FromU */ = {
			isa = PBXGroup;
			children = (
				5E84C68929A50D7F00F5BA81 /* AppDelegate.swift */,
				5E84C68B29A50D7F00F5BA81 /* SceneDelegate.swift */,
				5E84C68D29A50D7F00F5BA81 /* ViewController.swift */,
				5E84C68F29A50D7F00F5BA81 /* Main.storyboard */,
				5E84C69229A50D8000F5BA81 /* Assets.xcassets */,
				5E84C69429A50D8000F5BA81 /* LaunchScreen.storyboard */,
				5E84C69729A50D8000F5BA81 /* Info.plist */,
			);
			path = FromU;
			sourceTree = "<group>";
		};
		5E84C69F29A50D8000F5BA81 /* FromUTests */ = {
			isa = PBXGroup;
			children = (
				5E84C6A029A50D8000F5BA81 /* FromUTests.swift */,
			);
			path = FromUTests;
			sourceTree = "<group>";
		};
		5E84C6A929A50D8000F5BA81 /* FromUUITests */ = {
			isa = PBXGroup;
			children = (
				5E84C6AA29A50D8000F5BA81 /* FromUUITests.swift */,
				5E84C6AC29A50D8000F5BA81 /* FromUUITestsLaunchTests.swift */,
			);
			path = FromUUITests;
			sourceTree = "<group>";
		};
/* End PBXGroup section */

/* Begin PBXNativeTarget section */
		5E84C68529A50D7F00F5BA81 /* FromU */ = {
			isa = PBXNativeTarget;
			buildConfigurationList = 5E84C6B029A50D8000F5BA81 /* Build configuration list for PBXNativeTarget "FromU" */;
			buildPhases = (
				5E84C68229A50D7F00F5BA81 /* Sources */,
				5E84C68329A50D7F00F5BA81 /* Frameworks */,
				5E84C68429A50D7F00F5BA81 /* Resources */,
			);
			buildRules = (
			);
			dependencies = (
			);
			name = FromU;
			productName = FromU;
			productReference = 5E84C68629A50D7F00F5BA81 /* FromU.app */;
			productType = "com.apple.product-type.application";
		};
		5E84C69B29A50D8000F5BA81 /* FromUTests */ = {
			isa = PBXNativeTarget;
			buildConfigurationList = 5E84C6B329A50D8000F5BA81 /* Build configuration list for PBXNativeTarget "FromUTests" */;
			buildPhases = (
				5E84C69829A50D8000F5BA81 /* Sources */,
				5E84C69929A50D8000F5BA81 /* Frameworks */,
				5E84C69A29A50D8000F5BA81 /* Resources */,
			);
			buildRules = (
			);
			dependencies = (
				5E84C69E29A50D8000F5BA81 /* PBXTargetDependency */,
			);
			name = FromUTests;
			productName = FromUTests;
			productReference = 5E84C69C29A50D8000F5BA81 /* FromUTests.xctest */;
			productType = "com.apple.product-type.bundle.unit-test";
		};
		5E84C6A529A50D8000F5BA81 /* FromUUITests */ = {
			isa = PBXNativeTarget;
			buildConfigurationList = 5E84C6B629A50D8000F5BA81 /* Build configuration list for PBXNativeTarget "FromUUITests" */;
			buildPhases = (
				5E84C6A229A50D8000F5BA81 /* Sources */,
				5E84C6A329A50D8000F5BA81 /* Frameworks */,
				5E84C6A429A50D8000F5BA81 /* Resources */,
			);
			buildRules = (
			);
			dependencies = (
				5E84C6A829A50D8000F5BA81 /* PBXTargetDependency */,
			);
			name = FromUUITests;
			productName = FromUUITests;
			productReference = 5E84C6A629A50D8000F5BA81 /* FromUUITests.xctest */;
			productType = "com.apple.product-type.bundle.ui-testing";
		};
/* End PBXNativeTarget section */

/* Begin PBXProject section */
		5E84C67E29A50D7F00F5BA81 /* Project object */ = {
			isa = PBXProject;
			attributes = {
				BuildIndependentTargetsInParallel = 1;
				LastSwiftUpdateCheck = 1420;
				LastUpgradeCheck = 1420;
				TargetAttributes = {
					5E84C68529A50D7F00F5BA81 = {
						CreatedOnToolsVersion = 14.2;
					};
					5E84C69B29A50D8000F5BA81 = {
						CreatedOnToolsVersion = 14.2;
						TestTargetID = 5E84C68529A50D7F00F5BA81;
					};
					5E84C6A529A50D8000F5BA81 = {
						CreatedOnToolsVersion = 14.2;
						TestTargetID = 5E84C68529A50D7F00F5BA81;
					};
				};
			};
			buildConfigurationList = 5E84C68129A50D7F00F5BA81 /* Build configuration list for PBXProject "FromU" */;
			compatibilityVersion = "Xcode 14.0";
			developmentRegion = en;
			hasScannedForEncodings = 0;
			knownRegions = (
				en,
				Base,
			);
			mainGroup = 5E84C67D29A50D7F00F5BA81;
			productRefGroup = 5E84C68729A50D7F00F5BA81 /* Products */;
			projectDirPath = "";
			projectRoot = "";
			targets = (
				5E84C68529A50D7F00F5BA81 /* FromU */,
				5E84C69B29A50D8000F5BA81 /* FromUTests */,
				5E84C6A529A50D8000F5BA81 /* FromUUITests */,
			);
		};
/* End PBXProject section */

/* Begin PBXResourcesBuildPhase section */
		5E84C68429A50D7F00F5BA81 /* Resources */ = {
			isa = PBXResourcesBuildPhase;
			buildActionMask = 2147483647;
			files = (
				5E84C69629A50D8000F5BA81 /* LaunchScreen.storyboard in Resources */,
				5E84C69329A50D8000F5BA81 /* Assets.xcassets in Resources */,
				5E84C69129A50D7F00F5BA81 /* Main.storyboard in Resources */,
			);
			runOnlyForDeploymentPostprocessing = 0;
		};
		5E84C69A29A50D8000F5BA81 /* Resources */ = {
			isa = PBXResourcesBuildPhase;
			buildActionMask = 2147483647;
			files = (
			);
			runOnlyForDeploymentPostprocessing = 0;
		};
		5E84C6A429A50D8000F5BA81 /* Resources */ = {
			isa = PBXResourcesBuildPhase;
			buildActionMask = 2147483647;
			files = (
			);
			runOnlyForDeploymentPostprocessing = 0;
		};
/* End PBXResourcesBuildPhase section */

/* Begin PBXSourcesBuildPhase section */
		5E84C68229A50D7F00F5BA81 /* Sources */ = {
			isa = PBXSourcesBuildPhase;
			buildActionMask = 2147483647;
			files = (
				5E84C68E29A50D7F00F5BA81 /* ViewController.swift in Sources */,
				5E84C68A29A50D7F00F5BA81 /* AppDelegate.swift in Sources */,
				5E84C68C29A50D7F00F5BA81 /* SceneDelegate.swift in Sources */,
			);
			runOnlyForDeploymentPostprocessing = 0;
		};
		5E84C69829A50D8000F5BA81 /* Sources */ = {
			isa = PBXSourcesBuildPhase;
			buildActionMask = 2147483647;
			files = (
				5E84C6A129A50D8000F5BA81 /* FromUTests.swift in Sources */,
			);
			runOnlyForDeploymentPostprocessing = 0;
		};
		5E84C6A229A50D8000F5BA81 /* Sources */ = {
			isa = PBXSourcesBuildPhase;
			buildActionMask = 2147483647;
			files = (
				5E84C6AD29A50D8000F5BA81 /* FromUUITestsLaunchTests.swift in Sources */,
				5E84C6AB29A50D8000F5BA81 /* FromUUITests.swift in Sources */,
			);
			runOnlyForDeploymentPostprocessing = 0;
		};
/* End PBXSourcesBuildPhase section */

/* Begin PBXTargetDependency section */
		5E84C69E29A50D8000F5BA81 /* PBXTargetDependency */ = {
			isa = PBXTargetDependency;
			target = 5E84C68529A50D7F00F5BA81 /* FromU */;
			targetProxy = 5E84C69D29A50D8000F5BA81 /* PBXContainerItemProxy */;
		};
		5E84C6A829A50D8000F5BA81 /* PBXTargetDependency */ = {
			isa = PBXTargetDependency;
			target = 5E84C68529A50D7F00F5BA81 /* FromU */;
			targetProxy = 5E84C6A729A50D8000F5BA81 /* PBXContainerItemProxy */;
		};
/* End PBXTargetDependency section */

/* Begin PBXVariantGroup section */
		5E84C68F29A50D7F00F5BA81 /* Main.storyboard */ = {
			isa = PBXVariantGroup;
			children = (
				5E84C69029A50D7F00F5BA81 /* Base */,
			);
			name = Main.storyboard;
			sourceTree = "<group>";
		};
		5E84C69429A50D8000F5BA81 /* LaunchScreen.storyboard */ = {
			isa = PBXVariantGroup;
			children = (
				5E84C69529A50D8000F5BA81 /* Base */,
			);
			name = LaunchScreen.storyboard;
			sourceTree = "<group>";
		};
/* End PBXVariantGroup section */

/* Begin XCBuildConfiguration section */
		5E84C6AE29A50D8000F5BA81 /* Debug */ = {
			isa = XCBuildConfiguration;
			buildSettings = {
				ALWAYS_SEARCH_USER_PATHS = NO;
				CLANG_ANALYZER_NONNULL = YES;
				CLANG_ANALYZER_NUMBER_OBJECT_CONVERSION = YES_AGGRESSIVE;
				CLANG_CXX_LANGUAGE_STANDARD = "gnu++20";
				CLANG_ENABLE_MODULES = YES;
				CLANG_ENABLE_OBJC_ARC = YES;
				CLANG_ENABLE_OBJC_WEAK = YES;
				CLANG_WARN_BLOCK_CAPTURE_AUTORELEASING = YES;
				CLANG_WARN_BOOL_CONVERSION = YES;
				CLANG_WARN_COMMA = YES;
				CLANG_WARN_CONSTANT_CONVERSION = YES;
				CLANG_WARN_DEPRECATED_OBJC_IMPLEMENTATIONS = YES;
				CLANG_WARN_DIRECT_OBJC_ISA_USAGE = YES_ERROR;
				CLANG_WARN_DOCUMENTATION_COMMENTS = YES;
				CLANG_WARN_EMPTY_BODY = YES;
				CLANG_WARN_ENUM_CONVERSION = YES;
				CLANG_WARN_INFINITE_RECURSION = YES;
				CLANG_WARN_INT_CONVERSION = YES;
				CLANG_WARN_NON_LITERAL_NULL_CONVERSION = YES;
				CLANG_WARN_OBJC_IMPLICIT_RETAIN_SELF = YES;
				CLANG_WARN_OBJC_LITERAL_CONVERSION = YES;
				CLANG_WARN_OBJC_ROOT_CLASS = YES_ERROR;
				CLANG_WARN_QUOTED_INCLUDE_IN_FRAMEWORK_HEADER = YES;
				CLANG_WARN_RANGE_LOOP_ANALYSIS = YES;
				CLANG_WARN_STRICT_PROTOTYPES = YES;
				CLANG_WARN_SUSPICIOUS_MOVE = YES;
				CLANG_WARN_UNGUARDED_AVAILABILITY = YES_AGGRESSIVE;
				CLANG_WARN_UNREACHABLE_CODE = YES;
				CLANG_WARN__DUPLICATE_METHOD_MATCH = YES;
				COPY_PHASE_STRIP = NO;
				DEBUG_INFORMATION_FORMAT = dwarf;
				ENABLE_STRICT_OBJC_MSGSEND = YES;
				ENABLE_TESTABILITY = YES;
				GCC_C_LANGUAGE_STANDARD = gnu11;
				GCC_DYNAMIC_NO_PIC = NO;
				GCC_NO_COMMON_BLOCKS = YES;
				GCC_OPTIMIZATION_LEVEL = 0;
				GCC_PREPROCESSOR_DEFINITIONS = (
					"DEBUG=1",
					"$(inherited)",
				);
				GCC_WARN_64_TO_32_BIT_CONVERSION = YES;
				GCC_WARN_ABOUT_RETURN_TYPE = YES_ERROR;
				GCC_WARN_UNDECLARED_SELECTOR = YES;
				GCC_WARN_UNINITIALIZED_AUTOS = YES_AGGRESSIVE;
				GCC_WARN_UNUSED_FUNCTION = YES;
				GCC_WARN_UNUSED_VARIABLE = YES;
				IPHONEOS_DEPLOYMENT_TARGET = 16.2;
				MTL_ENABLE_DEBUG_INFO = INCLUDE_SOURCE;
				MTL_FAST_MATH = YES;
				ONLY_ACTIVE_ARCH = YES;
				SDKROOT = iphoneos;
				SWIFT_ACTIVE_COMPILATION_CONDITIONS = DEBUG;
				SWIFT_OPTIMIZATION_LEVEL = "-Onone";
			};
			name = Debug;
		};
		5E84C6AF29A50D8000F5BA81 /* Release */ = {
			isa = XCBuildConfiguration;
			buildSettings = {
				ALWAYS_SEARCH_USER_PATHS = NO;
				CLANG_ANALYZER_NONNULL = YES;
				CLANG_ANALYZER_NUMBER_OBJECT_CONVERSION = YES_AGGRESSIVE;
				CLANG_CXX_LANGUAGE_STANDARD = "gnu++20";
				CLANG_ENABLE_MODULES = YES;
				CLANG_ENABLE_OBJC_ARC = YES;
				CLANG_ENABLE_OBJC_WEAK = YES;
				CLANG_WARN_BLOCK_CAPTURE_AUTORELEASING = YES;
				CLANG_WARN_BOOL_CONVERSION = YES;
				CLANG_WARN_COMMA = YES;
				CLANG_WARN_CONSTANT_CONVERSION = YES;
				CLANG_WARN_DEPRECATED_OBJC_IMPLEMENTATIONS = YES;
				CLANG_WARN_DIRECT_OBJC_ISA_USAGE = YES_ERROR;
				CLANG_WARN_DOCUMENTATION_COMMENTS = YES;
				CLANG_WARN_EMPTY_BODY = YES;
				CLANG_WARN_ENUM_CONVERSION = YES;
				CLANG_WARN_INFINITE_RECURSION = YES;
				CLANG_WARN_INT_CONVERSION = YES;
				CLANG_WARN_NON_LITERAL_NULL_CONVERSION = YES;
				CLANG_WARN_OBJC_IMPLICIT_RETAIN_SELF = YES;
				CLANG_WARN_OBJC_LITERAL_CONVERSION = YES;
				CLANG_WARN_OBJC_ROOT_CLASS = YES_ERROR;
				CLANG_WARN_QUOTED_INCLUDE_IN_FRAMEWORK_HEADER = YES;
				CLANG_WARN_RANGE_LOOP_ANALYSIS = YES;
				CLANG_WARN_STRICT_PROTOTYPES = YES;
				CLANG_WARN_SUSPICIOUS_MOVE = YES;
				CLANG_WARN_UNGUARDED_AVAILABILITY = YES_AGGRESSIVE;
				CLANG_WARN_UNREACHABLE_CODE = YES;
				CLANG_WARN__DUPLICATE_METHOD_MATCH = YES;
				COPY_PHASE_STRIP = NO;
				DEBUG_INFORMATION_FORMAT = "dwarf-with-dsym";
				ENABLE_NS_ASSERTIONS = NO;
				ENABLE_STRICT_OBJC_MSGSEND = YES;
				GCC_C_LANGUAGE_STANDARD = gnu11;
				GCC_NO_COMMON_BLOCKS = YES;
				GCC_WARN_64_TO_32_BIT_CONVERSION = YES;
				GCC_WARN_ABOUT_RETURN_TYPE = YES_ERROR;
				GCC_WARN_UNDECLARED_SELECTOR = YES;
				GCC_WARN_UNINITIALIZED_AUTOS = YES_AGGRESSIVE;
				GCC_WARN_UNUSED_FUNCTION = YES;
				GCC_WARN_UNUSED_VARIABLE = YES;
				IPHONEOS_DEPLOYMENT_TARGET = 16.2;
				MTL_ENABLE_DEBUG_INFO = NO;
				MTL_FAST_MATH = YES;
				SDKROOT = iphoneos;
				SWIFT_COMPILATION_MODE = wholemodule;
				SWIFT_OPTIMIZATION_LEVEL = "-O";
				VALIDATE_PRODUCT = YES;
			};
			name = Release;
		};
		5E84C6B129A50D8000F5BA81 /* Debug */ = {
			isa = XCBuildConfiguration;
			buildSettings = {
				ASSETCATALOG_COMPILER_APPICON_NAME = AppIcon;
				ASSETCATALOG_COMPILER_GLOBAL_ACCENT_COLOR_NAME = AccentColor;
				CODE_SIGN_STYLE = Automatic;
				CURRENT_PROJECT_VERSION = 1;
				DEVELOPMENT_TEAM = GQ32Z7HX7N;
				GENERATE_INFOPLIST_FILE = YES;
				INFOPLIST_FILE = FromU/Info.plist;
				INFOPLIST_KEY_UIApplicationSupportsIndirectInputEvents = YES;
				INFOPLIST_KEY_UILaunchStoryboardName = LaunchScreen;
				INFOPLIST_KEY_UIMainStoryboardFile = Main;
				INFOPLIST_KEY_UISupportedInterfaceOrientations_iPad = "UIInterfaceOrientationPortrait UIInterfaceOrientationPortraitUpsideDown UIInterfaceOrientationLandscapeLeft UIInterfaceOrientationLandscapeRight";
				INFOPLIST_KEY_UISupportedInterfaceOrientations_iPhone = "UIInterfaceOrientationPortrait UIInterfaceOrientationLandscapeLeft UIInterfaceOrientationLandscapeRight";
				LD_RUNPATH_SEARCH_PATHS = (
					"$(inherited)",
					"@executable_path/Frameworks",
				);
				MARKETING_VERSION = 1.0;
				PRODUCT_BUNDLE_IDENTIFIER = "io--shintaewon.velog.FromU";
				PRODUCT_NAME = "$(TARGET_NAME)";
				SWIFT_EMIT_LOC_STRINGS = YES;
				SWIFT_VERSION = 5.0;
				TARGETED_DEVICE_FAMILY = "1,2";
			};
			name = Debug;
		};
		5E84C6B229A50D8000F5BA81 /* Release */ = {
			isa = XCBuildConfiguration;
			buildSettings = {
				ASSETCATALOG_COMPILER_APPICON_NAME = AppIcon;
				ASSETCATALOG_COMPILER_GLOBAL_ACCENT_COLOR_NAME = AccentColor;
				CODE_SIGN_STYLE = Automatic;
				CURRENT_PROJECT_VERSION = 1;
				DEVELOPMENT_TEAM = GQ32Z7HX7N;
				GENERATE_INFOPLIST_FILE = YES;
				INFOPLIST_FILE = FromU/Info.plist;
				INFOPLIST_KEY_UIApplicationSupportsIndirectInputEvents = YES;
				INFOPLIST_KEY_UILaunchStoryboardName = LaunchScreen;
				INFOPLIST_KEY_UIMainStoryboardFile = Main;
				INFOPLIST_KEY_UISupportedInterfaceOrientations_iPad = "UIInterfaceOrientationPortrait UIInterfaceOrientationPortraitUpsideDown UIInterfaceOrientationLandscapeLeft UIInterfaceOrientationLandscapeRight";
				INFOPLIST_KEY_UISupportedInterfaceOrientations_iPhone = "UIInterfaceOrientationPortrait UIInterfaceOrientationLandscapeLeft UIInterfaceOrientationLandscapeRight";
				LD_RUNPATH_SEARCH_PATHS = (
					"$(inherited)",
					"@executable_path/Frameworks",
				);
				MARKETING_VERSION = 1.0;
				PRODUCT_BUNDLE_IDENTIFIER = "io--shintaewon.velog.FromU";
				PRODUCT_NAME = "$(TARGET_NAME)";
				SWIFT_EMIT_LOC_STRINGS = YES;
				SWIFT_VERSION = 5.0;
				TARGETED_DEVICE_FAMILY = "1,2";
			};
			name = Release;
		};
		5E84C6B429A50D8000F5BA81 /* Debug */ = {
			isa = XCBuildConfiguration;
			buildSettings = {
				ALWAYS_EMBED_SWIFT_STANDARD_LIBRARIES = YES;
				BUNDLE_LOADER = "$(TEST_HOST)";
				CODE_SIGN_STYLE = Automatic;
				CURRENT_PROJECT_VERSION = 1;
				DEVELOPMENT_TEAM = GQ32Z7HX7N;
				GENERATE_INFOPLIST_FILE = YES;
				IPHONEOS_DEPLOYMENT_TARGET = 16.2;
				MARKETING_VERSION = 1.0;
				PRODUCT_BUNDLE_IDENTIFIER = "io--shintaewon.velog.FromUTests";
				PRODUCT_NAME = "$(TARGET_NAME)";
				SWIFT_EMIT_LOC_STRINGS = NO;
				SWIFT_VERSION = 5.0;
				TARGETED_DEVICE_FAMILY = "1,2";
				TEST_HOST = "$(BUILT_PRODUCTS_DIR)/FromU.app/$(BUNDLE_EXECUTABLE_FOLDER_PATH)/FromU";
			};
			name = Debug;
		};
		5E84C6B529A50D8000F5BA81 /* Release */ = {
			isa = XCBuildConfiguration;
			buildSettings = {
				ALWAYS_EMBED_SWIFT_STANDARD_LIBRARIES = YES;
				BUNDLE_LOADER = "$(TEST_HOST)";
				CODE_SIGN_STYLE = Automatic;
				CURRENT_PROJECT_VERSION = 1;
				DEVELOPMENT_TEAM = GQ32Z7HX7N;
				GENERATE_INFOPLIST_FILE = YES;
				IPHONEOS_DEPLOYMENT_TARGET = 16.2;
				MARKETING_VERSION = 1.0;
				PRODUCT_BUNDLE_IDENTIFIER = "io--shintaewon.velog.FromUTests";
				PRODUCT_NAME = "$(TARGET_NAME)";
				SWIFT_EMIT_LOC_STRINGS = NO;
				SWIFT_VERSION = 5.0;
				TARGETED_DEVICE_FAMILY = "1,2";
				TEST_HOST = "$(BUILT_PRODUCTS_DIR)/FromU.app/$(BUNDLE_EXECUTABLE_FOLDER_PATH)/FromU";
			};
			name = Release;
		};
		5E84C6B729A50D8000F5BA81 /* Debug */ = {
			isa = XCBuildConfiguration;
			buildSettings = {
				ALWAYS_EMBED_SWIFT_STANDARD_LIBRARIES = YES;
				CODE_SIGN_STYLE = Automatic;
				CURRENT_PROJECT_VERSION = 1;
				DEVELOPMENT_TEAM = GQ32Z7HX7N;
				GENERATE_INFOPLIST_FILE = YES;
				MARKETING_VERSION = 1.0;
				PRODUCT_BUNDLE_IDENTIFIER = "io--shintaewon.velog.FromUUITests";
				PRODUCT_NAME = "$(TARGET_NAME)";
				SWIFT_EMIT_LOC_STRINGS = NO;
				SWIFT_VERSION = 5.0;
				TARGETED_DEVICE_FAMILY = "1,2";
				TEST_TARGET_NAME = FromU;
			};
			name = Debug;
		};
		5E84C6B829A50D8000F5BA81 /* Release */ = {
			isa = XCBuildConfiguration;
			buildSettings = {
				ALWAYS_EMBED_SWIFT_STANDARD_LIBRARIES = YES;
				CODE_SIGN_STYLE = Automatic;
				CURRENT_PROJECT_VERSION = 1;
				DEVELOPMENT_TEAM = GQ32Z7HX7N;
				GENERATE_INFOPLIST_FILE = YES;
				MARKETING_VERSION = 1.0;
				PRODUCT_BUNDLE_IDENTIFIER = "io--shintaewon.velog.FromUUITests";
				PRODUCT_NAME = "$(TARGET_NAME)";
				SWIFT_EMIT_LOC_STRINGS = NO;
				SWIFT_VERSION = 5.0;
				TARGETED_DEVICE_FAMILY = "1,2";
				TEST_TARGET_NAME = FromU;
			};
			name = Release;
		};
/* End XCBuildConfiguration section */

/* Begin XCConfigurationList section */
		5E84C68129A50D7F00F5BA81 /* Build configuration list for PBXProject "FromU" */ = {
			isa = XCConfigurationList;
			buildConfigurations = (
				5E84C6AE29A50D8000F5BA81 /* Debug */,
				5E84C6AF29A50D8000F5BA81 /* Release */,
			);
			defaultConfigurationIsVisible = 0;
			defaultConfigurationName = Release;
		};
		5E84C6B029A50D8000F5BA81 /* Build configuration list for PBXNativeTarget "FromU" */ = {
			isa = XCConfigurationList;
			buildConfigurations = (
				5E84C6B129A50D8000F5BA81 /* Debug */,
				5E84C6B229A50D8000F5BA81 /* Release */,
			);
			defaultConfigurationIsVisible = 0;
			defaultConfigurationName = Release;
		};
		5E84C6B329A50D8000F5BA81 /* Build configuration list for PBXNativeTarget "FromUTests" */ = {
			isa = XCConfigurationList;
			buildConfigurations = (
				5E84C6B429A50D8000F5BA81 /* Debug */,
				5E84C6B529A50D8000F5BA81 /* Release */,
			);
			defaultConfigurationIsVisible = 0;
			defaultConfigurationName = Release;
		};
		5E84C6B629A50D8000F5BA81 /* Build configuration list for PBXNativeTarget "FromUUITests" */ = {
			isa = XCConfigurationList;
			buildConfigurations = (
				5E84C6B729A50D8000F5BA81 /* Debug */,
				5E84C6B829A50D8000F5BA81 /* Release */,
			);
			defaultConfigurationIsVisible = 0;
			defaultConfigurationName = Release;
		};
/* End XCConfigurationList section */
	};
	rootObject = 5E84C67E29A50D7F00F5BA81 /* Project object */;
}
